
Microsoft Visual Studio Solution File, Format Version 12.00
# Visual Studio Version 16
VisualStudioVersion = 16.0.31727.386
MinimumVisualStudioVersion = 10.0.40219.1
Project("{FAE04EC0-301F-11D3-BF4B-00C04F79EFBC}") = "VerifyUnittests", "VerifyUnittests\VerifyUnittests.csproj", "{34CA2F37-A2F4-4037-A434-C1F8EC656D77}"
EndProject
Project("{FAE04EC0-301F-11D3-BF4B-00C04F79EFBC}") = "UnittestResultCreateAndVerifyWithVerify", "UnittestResultCreateAndVerifyWithVerify\UnittestResultCreateAndVerifyWithVerify.csproj", "{BA924E9E-64D6-440A-8922-CC316D3B7373}"
EndProject
Global
	GlobalSection(SolutionConfigurationPlatforms) = preSolution
		Debug|Any CPU = Debug|Any CPU
		Release|Any CPU = Release|Any CPU
	EndGlobalSection
	GlobalSection(ProjectConfigurationPlatforms) = postSolution
		{34CA2F37-A2F4-4037-A434-C1F8EC656D77}.Debug|Any CPU.ActiveCfg = Debug|Any CPU
		{34CA2F37-A2F4-4037-A434-C1F8EC656D77}.Debug|Any CPU.Build.0 = Debug|Any CPU
		{34CA2F37-A2F4-4037-A434-C1F8EC656D77}.Release|Any CPU.ActiveCfg = Release|Any CPU
		{34CA2F37-A2F4-4037-A434-C1F8EC656D77}.Release|Any CPU.Build.0 = Release|Any CPU
		{BA924E9E-64D6-440A-8922-CC316D3B7373}.Debug|Any CPU.ActiveCfg = Debug|Any CPU
		{BA924E9E-64D6-440A-8922-CC316D3B7373}.Debug|Any CPU.Build.0 = Debug|Any CPU
		{BA924E9E-64D6-440A-8922-CC316D3B7373}.Release|Any CPU.ActiveCfg = Release|Any CPU
		{BA924E9E-64D6-440A-8922-CC316D3B7373}.Release|Any CPU.Build.0 = Release|Any CPU
	EndGlobalSection
	GlobalSection(SolutionProperties) = preSolution
		HideSolutionNode = FALSE
	EndGlobalSection
	GlobalSection(ExtensibilityGlobals) = postSolution
		SolutionGuid = {3A270C0E-95E5-439D-BAC9-971CCB0B78DF}
	EndGlobalSection
EndGlobal
